// !$*UTF8*$!
{
	archiveVersion = 1;
	classes = {
	};
	objectVersion = 56;
	objects = {

/* Begin PBXBuildFile section */
		F93CBC45295F146A0008A98D /* AppDelegate.swift in Sources */ = {isa = PBXBuildFile; fileRef = F93CBC44295F146A0008A98D /* AppDelegate.swift */; };
		F93CBC47295F146A0008A98D /* SceneDelegate.swift in Sources */ = {isa = PBXBuildFile; fileRef = F93CBC46295F146A0008A98D /* SceneDelegate.swift */; };
		F93CBC49295F146A0008A98D /* TabViewController.swift in Sources */ = {isa = PBXBuildFile; fileRef = F93CBC48295F146A0008A98D /* TabViewController.swift */; };
		F93CBC4E295F146B0008A98D /* Assets.xcassets in Resources */ = {isa = PBXBuildFile; fileRef = F93CBC4D295F146B0008A98D /* Assets.xcassets */; };
		F93CBC51295F146B0008A98D /* LaunchScreen.storyboard in Resources */ = {isa = PBXBuildFile; fileRef = F93CBC4F295F146B0008A98D /* LaunchScreen.storyboard */; };
		F93CBC5F295F53780008A98D /* Location.swift in Sources */ = {isa = PBXBuildFile; fileRef = F93CBC5E295F53780008A98D /* Location.swift */; };
		F93CBC61295F53B60008A98D /* Character.swift in Sources */ = {isa = PBXBuildFile; fileRef = F93CBC60295F53B60008A98D /* Character.swift */; };
		F93CBC63295F53C50008A98D /* Episode.swift in Sources */ = {isa = PBXBuildFile; fileRef = F93CBC62295F53C50008A98D /* Episode.swift */; };
		F93CBC66295F551A0008A98D /* CharacterViewController.swift in Sources */ = {isa = PBXBuildFile; fileRef = F93CBC65295F551A0008A98D /* CharacterViewController.swift */; };
		F93CBC68295F557A0008A98D /* LocationViewController.swift in Sources */ = {isa = PBXBuildFile; fileRef = F93CBC67295F557A0008A98D /* LocationViewController.swift */; };
		F93CBC6A295F55980008A98D /* EpisodeViewController.swift in Sources */ = {isa = PBXBuildFile; fileRef = F93CBC69295F55980008A98D /* EpisodeViewController.swift */; };
		F93CBC6C295F55BE0008A98D /* SettingsViewController.swift in Sources */ = {isa = PBXBuildFile; fileRef = F93CBC6B295F55BE0008A98D /* SettingsViewController.swift */; };
		F93CBC6E295F65E50008A98D /* Service.swift in Sources */ = {isa = PBXBuildFile; fileRef = F93CBC6D295F65E50008A98D /* Service.swift */; };
		F93CBC70295F66090008A98D /* Request.swift in Sources */ = {isa = PBXBuildFile; fileRef = F93CBC6F295F66080008A98D /* Request.swift */; };
		F93CBC72295F67BD0008A98D /* Endpoint.swift in Sources */ = {isa = PBXBuildFile; fileRef = F93CBC71295F67BD0008A98D /* Endpoint.swift */; };
		F93CBC74295F73550008A98D /* Origin.swift in Sources */ = {isa = PBXBuildFile; fileRef = F93CBC73295F73550008A98D /* Origin.swift */; };
		F93CBC76295F80A00008A98D /* SingleLocation.swift in Sources */ = {isa = PBXBuildFile; fileRef = F93CBC75295F80A00008A98D /* SingleLocation.swift */; };
		F93CBC78295F83B20008A98D /* CharacterStatus.swift in Sources */ = {isa = PBXBuildFile; fileRef = F93CBC77295F83B20008A98D /* CharacterStatus.swift */; };
		F93CBC7A295F83F70008A98D /* CharacterGender.swift in Sources */ = {isa = PBXBuildFile; fileRef = F93CBC79295F83F70008A98D /* CharacterGender.swift */; };
		F9B8228B29630D6D00BF7BA3 /* GetAllCharactersResponse.swift in Sources */ = {isa = PBXBuildFile; fileRef = F9B8228A29630D6D00BF7BA3 /* GetAllCharactersResponse.swift */; };
/* End PBXBuildFile section */

/* Begin PBXFileReference section */
		F93CBC41295F146A0008A98D /* RickAndMorty.app */ = {isa = PBXFileReference; explicitFileType = wrapper.application; includeInIndex = 0; path = RickAndMorty.app; sourceTree = BUILT_PRODUCTS_DIR; };
		F93CBC44295F146A0008A98D /* AppDelegate.swift */ = {isa = PBXFileReference; lastKnownFileType = sourcecode.swift; path = AppDelegate.swift; sourceTree = "<group>"; };
		F93CBC46295F146A0008A98D /* SceneDelegate.swift */ = {isa = PBXFileReference; lastKnownFileType = sourcecode.swift; path = SceneDelegate.swift; sourceTree = "<group>"; };
		F93CBC48295F146A0008A98D /* TabViewController.swift */ = {isa = PBXFileReference; lastKnownFileType = sourcecode.swift; path = TabViewController.swift; sourceTree = "<group>"; };
		F93CBC4D295F146B0008A98D /* Assets.xcassets */ = {isa = PBXFileReference; lastKnownFileType = folder.assetcatalog; path = Assets.xcassets; sourceTree = "<group>"; };
		F93CBC50295F146B0008A98D /* Base */ = {isa = PBXFileReference; lastKnownFileType = file.storyboard; name = Base; path = Base.lproj/LaunchScreen.storyboard; sourceTree = "<group>"; };
		F93CBC52295F146B0008A98D /* Info.plist */ = {isa = PBXFileReference; lastKnownFileType = text.plist.xml; path = Info.plist; sourceTree = "<group>"; };
		F93CBC5E295F53780008A98D /* Location.swift */ = {isa = PBXFileReference; lastKnownFileType = sourcecode.swift; path = Location.swift; sourceTree = "<group>"; };
		F93CBC60295F53B60008A98D /* Character.swift */ = {isa = PBXFileReference; lastKnownFileType = sourcecode.swift; path = Character.swift; sourceTree = "<group>"; };
		F93CBC62295F53C50008A98D /* Episode.swift */ = {isa = PBXFileReference; lastKnownFileType = sourcecode.swift; path = Episode.swift; sourceTree = "<group>"; };
		F93CBC65295F551A0008A98D /* CharacterViewController.swift */ = {isa = PBXFileReference; lastKnownFileType = sourcecode.swift; path = CharacterViewController.swift; sourceTree = "<group>"; };
		F93CBC67295F557A0008A98D /* LocationViewController.swift */ = {isa = PBXFileReference; lastKnownFileType = sourcecode.swift; path = LocationViewController.swift; sourceTree = "<group>"; };
		F93CBC69295F55980008A98D /* EpisodeViewController.swift */ = {isa = PBXFileReference; lastKnownFileType = sourcecode.swift; path = EpisodeViewController.swift; sourceTree = "<group>"; };
		F93CBC6B295F55BE0008A98D /* SettingsViewController.swift */ = {isa = PBXFileReference; lastKnownFileType = sourcecode.swift; path = SettingsViewController.swift; sourceTree = "<group>"; };
		F93CBC6D295F65E50008A98D /* Service.swift */ = {isa = PBXFileReference; lastKnownFileType = sourcecode.swift; path = Service.swift; sourceTree = "<group>"; };
		F93CBC6F295F66080008A98D /* Request.swift */ = {isa = PBXFileReference; lastKnownFileType = sourcecode.swift; path = Request.swift; sourceTree = "<group>"; };
		F93CBC71295F67BD0008A98D /* Endpoint.swift */ = {isa = PBXFileReference; lastKnownFileType = sourcecode.swift; path = Endpoint.swift; sourceTree = "<group>"; };
		F93CBC73295F73550008A98D /* Origin.swift */ = {isa = PBXFileReference; lastKnownFileType = sourcecode.swift; path = Origin.swift; sourceTree = "<group>"; };
		F93CBC75295F80A00008A98D /* SingleLocation.swift */ = {isa = PBXFileReference; lastKnownFileType = sourcecode.swift; path = SingleLocation.swift; sourceTree = "<group>"; };
		F93CBC77295F83B20008A98D /* CharacterStatus.swift */ = {isa = PBXFileReference; lastKnownFileType = sourcecode.swift; path = CharacterStatus.swift; sourceTree = "<group>"; };
		F93CBC79295F83F70008A98D /* CharacterGender.swift */ = {isa = PBXFileReference; lastKnownFileType = sourcecode.swift; path = CharacterGender.swift; sourceTree = "<group>"; };
		F9B8228A29630D6D00BF7BA3 /* GetAllCharactersResponse.swift */ = {isa = PBXFileReference; lastKnownFileType = sourcecode.swift; path = GetAllCharactersResponse.swift; sourceTree = "<group>"; };
/* End PBXFileReference section */

/* Begin PBXFrameworksBuildPhase section */
		F93CBC3E295F146A0008A98D /* Frameworks */ = {
			isa = PBXFrameworksBuildPhase;
			buildActionMask = 2147483647;
			files = (
			);
			runOnlyForDeploymentPostprocessing = 0;
		};
/* End PBXFrameworksBuildPhase section */

/* Begin PBXGroup section */
		F93CBC38295F146A0008A98D = {
			isa = PBXGroup;
			children = (
				F93CBC43295F146A0008A98D /* RickAndMorty */,
				F93CBC42295F146A0008A98D /* Products */,
			);
			sourceTree = "<group>";
		};
		F93CBC42295F146A0008A98D /* Products */ = {
			isa = PBXGroup;
			children = (
				F93CBC41295F146A0008A98D /* RickAndMorty.app */,
			);
			name = Products;
			sourceTree = "<group>";
		};
		F93CBC43295F146A0008A98D /* RickAndMorty */ = {
			isa = PBXGroup;
			children = (
				F93CBC5D295F221C0008A98D /* APIClient */,
				F93CBC5C295F22100008A98D /* Resources */,
				F93CBC5B295F218C0008A98D /* ViewModels */,
				F93CBC5A295F217F0008A98D /* Controllers */,
				F9B8228829630CC500BF7BA3 /* Models */,
				F93CBC58295F21660008A98D /* Views */,
				F93CBC52295F146B0008A98D /* Info.plist */,
			);
			path = RickAndMorty;
			sourceTree = "<group>";
		};
		F93CBC58295F21660008A98D /* Views */ = {
			isa = PBXGroup;
			children = (
			);
			path = Views;
			sourceTree = "<group>";
		};
		F93CBC5A295F217F0008A98D /* Controllers */ = {
			isa = PBXGroup;
			children = (
				F93CBC64295F54780008A98D /* Core */,
			);
			path = Controllers;
			sourceTree = "<group>";
		};
		F93CBC5B295F218C0008A98D /* ViewModels */ = {
			isa = PBXGroup;
			children = (
			);
			path = ViewModels;
			sourceTree = "<group>";
		};
		F93CBC5C295F22100008A98D /* Resources */ = {
			isa = PBXGroup;
			children = (
				F93CBC4F295F146B0008A98D /* LaunchScreen.storyboard */,
				F93CBC44295F146A0008A98D /* AppDelegate.swift */,
				F93CBC46295F146A0008A98D /* SceneDelegate.swift */,
				F93CBC4D295F146B0008A98D /* Assets.xcassets */,
			);
			path = Resources;
			sourceTree = "<group>";
		};
		F93CBC5D295F221C0008A98D /* APIClient */ = {
			isa = PBXGroup;
			children = (
				F93CBC6D295F65E50008A98D /* Service.swift */,
				F93CBC6F295F66080008A98D /* Request.swift */,
				F93CBC71295F67BD0008A98D /* Endpoint.swift */,
			);
			path = APIClient;
			sourceTree = "<group>";
		};
		F93CBC64295F54780008A98D /* Core */ = {
			isa = PBXGroup;
			children = (
				F93CBC48295F146A0008A98D /* TabViewController.swift */,
				F93CBC65295F551A0008A98D /* CharacterViewController.swift */,
				F93CBC67295F557A0008A98D /* LocationViewController.swift */,
				F93CBC69295F55980008A98D /* EpisodeViewController.swift */,
				F93CBC6B295F55BE0008A98D /* SettingsViewController.swift */,
			);
			path = Core;
			sourceTree = "<group>";
		};
		F9B8228629630C2E00BF7BA3 /* DataTypes */ = {
			isa = PBXGroup;
			children = (
				F93CBC62295F53C50008A98D /* Episode.swift */,
				F93CBC5E295F53780008A98D /* Location.swift */,
				F93CBC60295F53B60008A98D /* Character.swift */,
				F93CBC73295F73550008A98D /* Origin.swift */,
				F93CBC75295F80A00008A98D /* SingleLocation.swift */,
				F93CBC77295F83B20008A98D /* CharacterStatus.swift */,
				F93CBC79295F83F70008A98D /* CharacterGender.swift */,
			);
			name = DataTypes;
			path = Models;
			sourceTree = "<group>";
		};
		F9B8228829630CC500BF7BA3 /* Models */ = {
			isa = PBXGroup;
			children = (
				F9B8228929630D3100BF7BA3 /* APIResponseTypes */,
				F9B8228629630C2E00BF7BA3 /* DataTypes */,
			);
			path = Models;
			sourceTree = "<group>";
		};
		F9B8228929630D3100BF7BA3 /* APIResponseTypes */ = {
			isa = PBXGroup;
			children = (
				F9B8228A29630D6D00BF7BA3 /* GetAllCharactersResponse.swift */,
			);
			path = APIResponseTypes;
			sourceTree = "<group>";
		};
/* End PBXGroup section */

/* Begin PBXNativeTarget section */
		F93CBC40295F146A0008A98D /* RickAndMorty */ = {
			isa = PBXNativeTarget;
			buildConfigurationList = F93CBC55295F146B0008A98D /* Build configuration list for PBXNativeTarget "RickAndMorty" */;
			buildPhases = (
				F93CBC3D295F146A0008A98D /* Sources */,
				F93CBC3E295F146A0008A98D /* Frameworks */,
				F93CBC3F295F146A0008A98D /* Resources */,
			);
			buildRules = (
			);
			dependencies = (
			);
			name = RickAndMorty;
			productName = RickAndMorty;
			productReference = F93CBC41295F146A0008A98D /* RickAndMorty.app */;
			productType = "com.apple.product-type.application";
		};
/* End PBXNativeTarget section */

/* Begin PBXProject section */
		F93CBC39295F146A0008A98D /* Project object */ = {
			isa = PBXProject;
			attributes = {
				BuildIndependentTargetsInParallel = 1;
				LastSwiftUpdateCheck = 1410;
				LastUpgradeCheck = 1410;
				TargetAttributes = {
					F93CBC40295F146A0008A98D = {
						CreatedOnToolsVersion = 14.1;
					};
				};
			};
			buildConfigurationList = F93CBC3C295F146A0008A98D /* Build configuration list for PBXProject "RickAndMorty" */;
			compatibilityVersion = "Xcode 14.0";
			developmentRegion = en;
			hasScannedForEncodings = 0;
			knownRegions = (
				en,
				Base,
			);
			mainGroup = F93CBC38295F146A0008A98D;
			productRefGroup = F93CBC42295F146A0008A98D /* Products */;
			projectDirPath = "";
			projectRoot = "";
			targets = (
				F93CBC40295F146A0008A98D /* RickAndMorty */,
			);
		};
/* End PBXProject section */

/* Begin PBXResourcesBuildPhase section */
		F93CBC3F295F146A0008A98D /* Resources */ = {
			isa = PBXResourcesBuildPhase;
			buildActionMask = 2147483647;
			files = (
				F93CBC51295F146B0008A98D /* LaunchScreen.storyboard in Resources */,
				F93CBC4E295F146B0008A98D /* Assets.xcassets in Resources */,
			);
			runOnlyForDeploymentPostprocessing = 0;
		};
/* End PBXResourcesBuildPhase section */

/* Begin PBXSourcesBuildPhase section */
		F93CBC3D295F146A0008A98D /* Sources */ = {
			isa = PBXSourcesBuildPhase;
			buildActionMask = 2147483647;
			files = (
				F93CBC49295F146A0008A98D /* TabViewController.swift in Sources */,
				F93CBC78295F83B20008A98D /* CharacterStatus.swift in Sources */,
				F93CBC70295F66090008A98D /* Request.swift in Sources */,
				F93CBC6A295F55980008A98D /* EpisodeViewController.swift in Sources */,
				F93CBC72295F67BD0008A98D /* Endpoint.swift in Sources */,
				F93CBC63295F53C50008A98D /* Episode.swift in Sources */,
				F93CBC6C295F55BE0008A98D /* SettingsViewController.swift in Sources */,
				F93CBC66295F551A0008A98D /* CharacterViewController.swift in Sources */,
				F93CBC45295F146A0008A98D /* AppDelegate.swift in Sources */,
				F93CBC61295F53B60008A98D /* Character.swift in Sources */,
				F93CBC5F295F53780008A98D /* Location.swift in Sources */,
				F93CBC6E295F65E50008A98D /* Service.swift in Sources */,
				F93CBC47295F146A0008A98D /* SceneDelegate.swift in Sources */,
				F93CBC68295F557A0008A98D /* LocationViewController.swift in Sources */,
				F93CBC7A295F83F70008A98D /* CharacterGender.swift in Sources */,
				F93CBC74295F73550008A98D /* Origin.swift in Sources */,
				F93CBC76295F80A00008A98D /* SingleLocation.swift in Sources */,
				F9B8228B29630D6D00BF7BA3 /* GetAllCharactersResponse.swift in Sources */,
			);
			runOnlyForDeploymentPostprocessing = 0;
		};
/* End PBXSourcesBuildPhase section */

/* Begin PBXVariantGroup section */
		F93CBC4F295F146B0008A98D /* LaunchScreen.storyboard */ = {
			isa = PBXVariantGroup;
			children = (
				F93CBC50295F146B0008A98D /* Base */,
			);
			name = LaunchScreen.storyboard;
			sourceTree = "<group>";
		};
/* End PBXVariantGroup section */

/* Begin XCBuildConfiguration section */
		F93CBC53295F146B0008A98D /* Debug */ = {
			isa = XCBuildConfiguration;
			buildSettings = {
				ALWAYS_SEARCH_USER_PATHS = NO;
				CLANG_ANALYZER_NONNULL = YES;
				CLANG_ANALYZER_NUMBER_OBJECT_CONVERSION = YES_AGGRESSIVE;
				CLANG_CXX_LANGUAGE_STANDARD = "gnu++20";
				CLANG_ENABLE_MODULES = YES;
				CLANG_ENABLE_OBJC_ARC = YES;
				CLANG_ENABLE_OBJC_WEAK = YES;
				CLANG_WARN_BLOCK_CAPTURE_AUTORELEASING = YES;
				CLANG_WARN_BOOL_CONVERSION = YES;
				CLANG_WARN_COMMA = YES;
				CLANG_WARN_CONSTANT_CONVERSION = YES;
				CLANG_WARN_DEPRECATED_OBJC_IMPLEMENTATIONS = YES;
				CLANG_WARN_DIRECT_OBJC_ISA_USAGE = YES_ERROR;
				CLANG_WARN_DOCUMENTATION_COMMENTS = YES;
				CLANG_WARN_EMPTY_BODY = YES;
				CLANG_WARN_ENUM_CONVERSION = YES;
				CLANG_WARN_INFINITE_RECURSION = YES;
				CLANG_WARN_INT_CONVERSION = YES;
				CLANG_WARN_NON_LITERAL_NULL_CONVERSION = YES;
				CLANG_WARN_OBJC_IMPLICIT_RETAIN_SELF = YES;
				CLANG_WARN_OBJC_LITERAL_CONVERSION = YES;
				CLANG_WARN_OBJC_ROOT_CLASS = YES_ERROR;
				CLANG_WARN_QUOTED_INCLUDE_IN_FRAMEWORK_HEADER = YES;
				CLANG_WARN_RANGE_LOOP_ANALYSIS = YES;
				CLANG_WARN_STRICT_PROTOTYPES = YES;
				CLANG_WARN_SUSPICIOUS_MOVE = YES;
				CLANG_WARN_UNGUARDED_AVAILABILITY = YES_AGGRESSIVE;
				CLANG_WARN_UNREACHABLE_CODE = YES;
				CLANG_WARN__DUPLICATE_METHOD_MATCH = YES;
				COPY_PHASE_STRIP = NO;
				DEBUG_INFORMATION_FORMAT = dwarf;
				ENABLE_STRICT_OBJC_MSGSEND = YES;
				ENABLE_TESTABILITY = YES;
				GCC_C_LANGUAGE_STANDARD = gnu11;
				GCC_DYNAMIC_NO_PIC = NO;
				GCC_NO_COMMON_BLOCKS = YES;
				GCC_OPTIMIZATION_LEVEL = 0;
				GCC_PREPROCESSOR_DEFINITIONS = (
					"DEBUG=1",
					"$(inherited)",
				);
				GCC_WARN_64_TO_32_BIT_CONVERSION = YES;
				GCC_WARN_ABOUT_RETURN_TYPE = YES_ERROR;
				GCC_WARN_UNDECLARED_SELECTOR = YES;
				GCC_WARN_UNINITIALIZED_AUTOS = YES_AGGRESSIVE;
				GCC_WARN_UNUSED_FUNCTION = YES;
				GCC_WARN_UNUSED_VARIABLE = YES;
				IPHONEOS_DEPLOYMENT_TARGET = 16.1;
				MTL_ENABLE_DEBUG_INFO = INCLUDE_SOURCE;
				MTL_FAST_MATH = YES;
				ONLY_ACTIVE_ARCH = YES;
				SDKROOT = iphoneos;
				SWIFT_ACTIVE_COMPILATION_CONDITIONS = DEBUG;
				SWIFT_OPTIMIZATION_LEVEL = "-Onone";
			};
			name = Debug;
		};
		F93CBC54295F146B0008A98D /* Release */ = {
			isa = XCBuildConfiguration;
			buildSettings = {
				ALWAYS_SEARCH_USER_PATHS = NO;
				CLANG_ANALYZER_NONNULL = YES;
				CLANG_ANALYZER_NUMBER_OBJECT_CONVERSION = YES_AGGRESSIVE;
				CLANG_CXX_LANGUAGE_STANDARD = "gnu++20";
				CLANG_ENABLE_MODULES = YES;
				CLANG_ENABLE_OBJC_ARC = YES;
				CLANG_ENABLE_OBJC_WEAK = YES;
				CLANG_WARN_BLOCK_CAPTURE_AUTORELEASING = YES;
				CLANG_WARN_BOOL_CONVERSION = YES;
				CLANG_WARN_COMMA = YES;
				CLANG_WARN_CONSTANT_CONVERSION = YES;
				CLANG_WARN_DEPRECATED_OBJC_IMPLEMENTATIONS = YES;
				CLANG_WARN_DIRECT_OBJC_ISA_USAGE = YES_ERROR;
				CLANG_WARN_DOCUMENTATION_COMMENTS = YES;
				CLANG_WARN_EMPTY_BODY = YES;
				CLANG_WARN_ENUM_CONVERSION = YES;
				CLANG_WARN_INFINITE_RECURSION = YES;
				CLANG_WARN_INT_CONVERSION = YES;
				CLANG_WARN_NON_LITERAL_NULL_CONVERSION = YES;
				CLANG_WARN_OBJC_IMPLICIT_RETAIN_SELF = YES;
				CLANG_WARN_OBJC_LITERAL_CONVERSION = YES;
				CLANG_WARN_OBJC_ROOT_CLASS = YES_ERROR;
				CLANG_WARN_QUOTED_INCLUDE_IN_FRAMEWORK_HEADER = YES;
				CLANG_WARN_RANGE_LOOP_ANALYSIS = YES;
				CLANG_WARN_STRICT_PROTOTYPES = YES;
				CLANG_WARN_SUSPICIOUS_MOVE = YES;
				CLANG_WARN_UNGUARDED_AVAILABILITY = YES_AGGRESSIVE;
				CLANG_WARN_UNREACHABLE_CODE = YES;
				CLANG_WARN__DUPLICATE_METHOD_MATCH = YES;
				COPY_PHASE_STRIP = NO;
				DEBUG_INFORMATION_FORMAT = "dwarf-with-dsym";
				ENABLE_NS_ASSERTIONS = NO;
				ENABLE_STRICT_OBJC_MSGSEND = YES;
				GCC_C_LANGUAGE_STANDARD = gnu11;
				GCC_NO_COMMON_BLOCKS = YES;
				GCC_WARN_64_TO_32_BIT_CONVERSION = YES;
				GCC_WARN_ABOUT_RETURN_TYPE = YES_ERROR;
				GCC_WARN_UNDECLARED_SELECTOR = YES;
				GCC_WARN_UNINITIALIZED_AUTOS = YES_AGGRESSIVE;
				GCC_WARN_UNUSED_FUNCTION = YES;
				GCC_WARN_UNUSED_VARIABLE = YES;
				IPHONEOS_DEPLOYMENT_TARGET = 16.1;
				MTL_ENABLE_DEBUG_INFO = NO;
				MTL_FAST_MATH = YES;
				SDKROOT = iphoneos;
				SWIFT_COMPILATION_MODE = wholemodule;
				SWIFT_OPTIMIZATION_LEVEL = "-O";
				VALIDATE_PRODUCT = YES;
			};
			name = Release;
		};
		F93CBC56295F146B0008A98D /* Debug */ = {
			isa = XCBuildConfiguration;
			buildSettings = {
				ASSETCATALOG_COMPILER_APPICON_NAME = AppIcon;
				ASSETCATALOG_COMPILER_GLOBAL_ACCENT_COLOR_NAME = AccentColor;
				CODE_SIGN_STYLE = Automatic;
				CURRENT_PROJECT_VERSION = 1;
				DEVELOPMENT_TEAM = V5644P74A6;
				GENERATE_INFOPLIST_FILE = YES;
				INFOPLIST_FILE = RickAndMorty/Info.plist;
				INFOPLIST_KEY_UIApplicationSupportsIndirectInputEvents = YES;
				INFOPLIST_KEY_UILaunchStoryboardName = LaunchScreen;
				INFOPLIST_KEY_UISupportedInterfaceOrientations_iPad = "UIInterfaceOrientationPortrait UIInterfaceOrientationPortraitUpsideDown UIInterfaceOrientationLandscapeLeft UIInterfaceOrientationLandscapeRight";
				INFOPLIST_KEY_UISupportedInterfaceOrientations_iPhone = "UIInterfaceOrientationPortrait UIInterfaceOrientationLandscapeLeft UIInterfaceOrientationLandscapeRight";
				LD_RUNPATH_SEARCH_PATHS = (
					"$(inherited)",
					"@executable_path/Frameworks",
				);
				MARKETING_VERSION = 1.0;
				PRODUCT_BUNDLE_IDENTIFIER = welliton.RickAndMorty;
				PRODUCT_NAME = "$(TARGET_NAME)";
				SWIFT_EMIT_LOC_STRINGS = YES;
				SWIFT_VERSION = 5.0;
				TARGETED_DEVICE_FAMILY = "1,2";
			};
			name = Debug;
		};
		F93CBC57295F146B0008A98D /* Release */ = {
			isa = XCBuildConfiguration;
			buildSettings = {
				ASSETCATALOG_COMPILER_APPICON_NAME = AppIcon;
				ASSETCATALOG_COMPILER_GLOBAL_ACCENT_COLOR_NAME = AccentColor;
				CODE_SIGN_STYLE = Automatic;
				CURRENT_PROJECT_VERSION = 1;
				DEVELOPMENT_TEAM = V5644P74A6;
				GENERATE_INFOPLIST_FILE = YES;
				INFOPLIST_FILE = RickAndMorty/Info.plist;
				INFOPLIST_KEY_UIApplicationSupportsIndirectInputEvents = YES;
				INFOPLIST_KEY_UILaunchStoryboardName = LaunchScreen;
				INFOPLIST_KEY_UISupportedInterfaceOrientations_iPad = "UIInterfaceOrientationPortrait UIInterfaceOrientationPortraitUpsideDown UIInterfaceOrientationLandscapeLeft UIInterfaceOrientationLandscapeRight";
				INFOPLIST_KEY_UISupportedInterfaceOrientations_iPhone = "UIInterfaceOrientationPortrait UIInterfaceOrientationLandscapeLeft UIInterfaceOrientationLandscapeRight";
				LD_RUNPATH_SEARCH_PATHS = (
					"$(inherited)",
					"@executable_path/Frameworks",
				);
				MARKETING_VERSION = 1.0;
				PRODUCT_BUNDLE_IDENTIFIER = welliton.RickAndMorty;
				PRODUCT_NAME = "$(TARGET_NAME)";
				SWIFT_EMIT_LOC_STRINGS = YES;
				SWIFT_VERSION = 5.0;
				TARGETED_DEVICE_FAMILY = "1,2";
			};
			name = Release;
		};
/* End XCBuildConfiguration section */

/* Begin XCConfigurationList section */
		F93CBC3C295F146A0008A98D /* Build configuration list for PBXProject "RickAndMorty" */ = {
			isa = XCConfigurationList;
			buildConfigurations = (
				F93CBC53295F146B0008A98D /* Debug */,
				F93CBC54295F146B0008A98D /* Release */,
			);
			defaultConfigurationIsVisible = 0;
			defaultConfigurationName = Release;
		};
		F93CBC55295F146B0008A98D /* Build configuration list for PBXNativeTarget "RickAndMorty" */ = {
			isa = XCConfigurationList;
			buildConfigurations = (
				F93CBC56295F146B0008A98D /* Debug */,
				F93CBC57295F146B0008A98D /* Release */,
			);
			defaultConfigurationIsVisible = 0;
			defaultConfigurationName = Release;
		};
/* End XCConfigurationList section */
	};
	rootObject = F93CBC39295F146A0008A98D /* Project object */;
}
